
Microsoft Visual Studio Solution File, Format Version 12.00
# Visual Studio Version 16
VisualStudioVersion = 16.0.31424.327
MinimumVisualStudioVersion = 10.0.40219.1
Project("{8BC9CEB8-8B4A-11D0-8D11-00A0C91BC942}") = "Class_String_02_09", "Class_String_02_09\Class_String_02_09.vcxproj", "{DDE5AE55-D3A6-4110-A307-3AF7EA4F6F3F}"
EndProject
Global
	GlobalSection(SolutionConfigurationPlatforms) = preSolution
		Debug|x64 = Debug|x64
		Debug|x86 = Debug|x86
		Release|x64 = Release|x64
		Release|x86 = Release|x86
	EndGlobalSection
	GlobalSection(ProjectConfigurationPlatforms) = postSolution
		{DDE5AE55-D3A6-4110-A307-3AF7EA4F6F3F}.Debug|x64.ActiveCfg = Debug|x64
		{DDE5AE55-D3A6-4110-A307-3AF7EA4F6F3F}.Debug|x64.Build.0 = Debug|x64
		{DDE5AE55-D3A6-4110-A307-3AF7EA4F6F3F}.Debug|x86.ActiveCfg = Debug|Win32
		{DDE5AE55-D3A6-4110-A307-3AF7EA4F6F3F}.Debug|x86.Build.0 = Debug|Win32
		{DDE5AE55-D3A6-4110-A307-3AF7EA4F6F3F}.Release|x64.ActiveCfg = Release|x64
		{DDE5AE55-D3A6-4110-A307-3AF7EA4F6F3F}.Release|x64.Build.0 = Release|x64
		{DDE5AE55-D3A6-4110-A307-3AF7EA4F6F3F}.Release|x86.ActiveCfg = Release|Win32
		{DDE5AE55-D3A6-4110-A307-3AF7EA4F6F3F}.Release|x86.Build.0 = Release|Win32
	EndGlobalSection
	GlobalSection(SolutionProperties) = preSolution
		HideSolutionNode = FALSE
	EndGlobalSection
	GlobalSection(ExtensibilityGlobals) = postSolution
		SolutionGuid = {0E37D44C-69C3-4D9B-A1C2-C99647860179}
	EndGlobalSection
EndGlobal
