
Microsoft Visual Studio Solution File, Format Version 12.00
# Visual Studio Version 16
VisualStudioVersion = 16.0.31424.327
MinimumVisualStudioVersion = 10.0.40219.1
Project("{8BC9CEB8-8B4A-11D0-8D11-00A0C91BC942}") = "Class_Data", "Class_Data\Class_Data.vcxproj", "{D4B1476A-3F4E-4FC8-85D4-DD0FC220F7DF}"
EndProject
Global
	GlobalSection(SolutionConfigurationPlatforms) = preSolution
		Debug|x64 = Debug|x64
		Debug|x86 = Debug|x86
		Release|x64 = Release|x64
		Release|x86 = Release|x86
	EndGlobalSection
	GlobalSection(ProjectConfigurationPlatforms) = postSolution
		{D4B1476A-3F4E-4FC8-85D4-DD0FC220F7DF}.Debug|x64.ActiveCfg = Debug|x64
		{D4B1476A-3F4E-4FC8-85D4-DD0FC220F7DF}.Debug|x64.Build.0 = Debug|x64
		{D4B1476A-3F4E-4FC8-85D4-DD0FC220F7DF}.Debug|x86.ActiveCfg = Debug|Win32
		{D4B1476A-3F4E-4FC8-85D4-DD0FC220F7DF}.Debug|x86.Build.0 = Debug|Win32
		{D4B1476A-3F4E-4FC8-85D4-DD0FC220F7DF}.Release|x64.ActiveCfg = Release|x64
		{D4B1476A-3F4E-4FC8-85D4-DD0FC220F7DF}.Release|x64.Build.0 = Release|x64
		{D4B1476A-3F4E-4FC8-85D4-DD0FC220F7DF}.Release|x86.ActiveCfg = Release|Win32
		{D4B1476A-3F4E-4FC8-85D4-DD0FC220F7DF}.Release|x86.Build.0 = Release|Win32
	EndGlobalSection
	GlobalSection(SolutionProperties) = preSolution
		HideSolutionNode = FALSE
	EndGlobalSection
	GlobalSection(ExtensibilityGlobals) = postSolution
		SolutionGuid = {08A739BC-63F9-474D-8D71-229C76E6460A}
	EndGlobalSection
EndGlobal
